[[package]]
name = "absl-py"
version = "1.3.0"
description = "Abseil Python Common Libraries, see https://github.com/abseil/abseil-py."
category = "dev"
optional = false
python-versions = ">=3.6"

[[package]]
name = "aiohttp"
version = "3.8.3"
description = "Async http client/server framework (asyncio)"
category = "main"
optional = false
python-versions = ">=3.6"

[package.dependencies]
aiosignal = ">=1.1.2"
async-timeout = ">=4.0.0a3,<5.0"
attrs = ">=17.3.0"
charset-normalizer = ">=2.0,<3.0"
frozenlist = ">=1.1.1"
multidict = ">=4.5,<7.0"
yarl = ">=1.0,<2.0"

[package.extras]
speedups = ["aiodns", "brotli", "cchardet"]

[[package]]
name = "aiosignal"
version = "1.2.0"
description = "aiosignal: a list of registered asynchronous callbacks"
category = "main"
optional = false
python-versions = ">=3.6"

[package.dependencies]
frozenlist = ">=1.1.0"

[[package]]
name = "appdirs"
version = "1.4.4"
description = "A small Python module for determining appropriate platform-specific dirs, e.g. a \"user data dir\"."
category = "main"
optional = false
python-versions = "*"

[[package]]
name = "async-timeout"
version = "4.0.2"
description = "Timeout context manager for asyncio programs"
category = "main"
optional = false
python-versions = ">=3.6"

[[package]]
name = "atomicwrites"
version = "1.4.1"
description = "Atomic file writes."
category = "dev"
optional = false
python-versions = ">=2.7, !=3.0.*, !=3.1.*, !=3.2.*, !=3.3.*"

[[package]]
name = "attrs"
version = "22.1.0"
description = "Classes Without Boilerplate"
category = "main"
optional = false
python-versions = ">=3.5"

[package.extras]
dev = ["coverage[toml] (>=5.0.2)", "hypothesis", "pympler", "pytest (>=4.3.0)", "mypy (>=0.900,!=0.940)", "pytest-mypy-plugins", "zope.interface", "furo", "sphinx", "sphinx-notfound-page", "pre-commit", "cloudpickle"]
docs = ["furo", "sphinx", "zope.interface", "sphinx-notfound-page"]
tests = ["coverage[toml] (>=5.0.2)", "hypothesis", "pympler", "pytest (>=4.3.0)", "mypy (>=0.900,!=0.940)", "pytest-mypy-plugins", "zope.interface", "cloudpickle"]
tests_no_zope = ["coverage[toml] (>=5.0.2)", "hypothesis", "pympler", "pytest (>=4.3.0)", "mypy (>=0.900,!=0.940)", "pytest-mypy-plugins", "cloudpickle"]

[[package]]
name = "bleach"
version = "5.0.1"
description = "An easy safelist-based HTML-sanitizing tool."
category = "dev"
optional = false
python-versions = ">=3.7"

[package.dependencies]
six = ">=1.9.0"
webencodings = "*"

[package.extras]
css = ["tinycss2 (>=1.1.0,<1.2)"]
dev = ["build (==0.8.0)", "flake8 (==4.0.1)", "hashin (==0.17.0)", "pip-tools (==6.6.2)", "pytest (==7.1.2)", "Sphinx (==4.3.2)", "tox (==3.25.0)", "twine (==4.0.1)", "wheel (==0.37.1)", "black (==22.3.0)", "mypy (==0.961)"]

[[package]]
name = "cachetools"
version = "5.2.0"
description = "Extensible memoizing collections and decorators"
category = "dev"
optional = false
python-versions = "~=3.7"

[[package]]
name = "certifi"
version = "2022.9.24"
description = "Python package for providing Mozilla's CA Bundle."
category = "main"
optional = false
python-versions = ">=3.6"

[[package]]
name = "cffi"
version = "1.15.1"
description = "Foreign Function Interface for Python calling C code."
category = "dev"
optional = false
python-versions = "*"

[package.dependencies]
pycparser = "*"

[[package]]
name = "charset-normalizer"
version = "2.1.1"
description = "The Real First Universal Charset Detector. Open, modern and actively maintained alternative to Chardet."
category = "main"
optional = false
python-versions = ">=3.6.0"

[package.extras]
unicode_backport = ["unicodedata2"]

[[package]]
name = "click"
version = "8.1.3"
description = "Composable command line interface toolkit"
category = "main"
optional = false
python-versions = ">=3.7"

[package.dependencies]
colorama = {version = "*", markers = "platform_system == \"Windows\""}

[[package]]
name = "colorama"
version = "0.4.5"
description = "Cross-platform colored terminal text."
category = "main"
optional = false
python-versions = ">=2.7, !=3.0.*, !=3.1.*, !=3.2.*, !=3.3.*, !=3.4.*"

[[package]]
name = "cryptography"
version = "38.0.1"
description = "cryptography is a package which provides cryptographic recipes and primitives to Python developers."
category = "dev"
optional = false
python-versions = ">=3.6"

[package.dependencies]
cffi = ">=1.12"

[package.extras]
docs = ["sphinx (>=1.6.5,!=1.8.0,!=3.1.0,!=3.1.1)", "sphinx-rtd-theme"]
docstest = ["pyenchant (>=1.6.11)", "twine (>=1.12.0)", "sphinxcontrib-spelling (>=4.0.1)"]
pep8test = ["black", "flake8", "flake8-import-order", "pep8-naming"]
sdist = ["setuptools-rust (>=0.11.4)"]
ssh = ["bcrypt (>=3.1.5)"]
test = ["pytest (>=6.2.0)", "pytest-benchmark", "pytest-cov", "pytest-subtests", "pytest-xdist", "pretend", "iso8601", "pytz", "hypothesis (>=1.11.4,!=3.79.2)"]

[[package]]
name = "datasets"
version = "2.6.1"
description = "HuggingFace community-driven open-source library of datasets"
category = "main"
optional = false
python-versions = ">=3.7.0"

[package.dependencies]
aiohttp = "*"
dill = "<0.3.6"
fsspec = {version = ">=2021.11.1", extras = ["http"]}
huggingface-hub = ">=0.2.0,<1.0.0"
multiprocess = "*"
numpy = ">=1.17"
packaging = "*"
pandas = "*"
pyarrow = ">=6.0.0"
pyyaml = ">=5.1"
requests = ">=2.19.0"
responses = "<0.19"
tqdm = ">=4.62.1"
xxhash = "*"

[package.extras]
apache-beam = ["apache-beam (>=2.26.0)"]
audio = ["librosa"]
benchmarks = ["numpy (==1.18.5)", "tensorflow (==2.3.0)", "torch (==1.7.1)", "transformers (==3.0.2)"]
dev = ["absl-py", "pytest", "pytest-datadir", "pytest-xdist", "apache-beam (>=2.26.0)", "elasticsearch (<8.0.0)", "aiobotocore (>=2.0.1)", "boto3 (>=1.19.8)", "botocore (>=1.22.8)", "faiss-cpu (>=1.6.4)", "fsspec", "lz4", "moto[s3,server] (==2.0.4)", "py7zr", "rarfile (>=4.0)", "s3fs (>=2021.11.1)", "tensorflow (>=2.3,!=2.6.0,!=2.6.1)", "torch", "torchaudio (<0.12.0)", "soundfile", "transformers", "zstandard", "bert-score (>=0.3.6)", "jiwer", "langdetect", "mauve-text", "nltk", "rouge-score", "sacrebleu", "sacremoses", "scikit-learn", "scipy", "sentencepiece", "seqeval", "sqlalchemy", "tldextract", "toml (>=0.10.1)", "requests-file (>=1.5.1)", "tldextract (>=3.1.0)", "texttable (>=1.6.3)", "Werkzeug (>=1.0.1)", "six (>=1.15.0,<1.16.0)", "Pillow (>=6.2.1)", "librosa", "black (>=22.0,<23.0)", "flake8 (>=3.8.3)", "isort (>=5.0.0)", "pyyaml (>=5.3.1)"]
docs = ["s3fs"]
quality = ["black (>=22.0,<23.0)", "flake8 (>=3.8.3)", "isort (>=5.0.0)", "pyyaml (>=5.3.1)"]
s3 = ["fsspec", "boto3", "botocore", "s3fs"]
tensorflow = ["tensorflow (>=2.2.0,!=2.6.0,!=2.6.1)"]
tensorflow_gpu = ["tensorflow-gpu (>=2.2.0,!=2.6.0,!=2.6.1)"]
tests = ["absl-py", "pytest", "pytest-datadir", "pytest-xdist", "apache-beam (>=2.26.0)", "elasticsearch (<8.0.0)", "aiobotocore (>=2.0.1)", "boto3 (>=1.19.8)", "botocore (>=1.22.8)", "faiss-cpu (>=1.6.4)", "fsspec", "lz4", "moto[s3,server] (==2.0.4)", "py7zr", "rarfile (>=4.0)", "s3fs (>=2021.11.1)", "tensorflow (>=2.3,!=2.6.0,!=2.6.1)", "torch", "torchaudio (<0.12.0)", "soundfile", "transformers", "zstandard", "bert-score (>=0.3.6)", "jiwer", "langdetect", "mauve-text", "nltk", "rouge-score", "sacrebleu", "sacremoses", "scikit-learn", "scipy", "sentencepiece", "seqeval", "sqlalchemy", "tldextract", "toml (>=0.10.1)", "requests-file (>=1.5.1)", "tldextract (>=3.1.0)", "texttable (>=1.6.3)", "Werkzeug (>=1.0.1)", "six (>=1.15.0,<1.16.0)", "Pillow (>=6.2.1)", "librosa"]
torch = ["torch"]
vision = ["Pillow (>=6.2.1)"]

[[package]]
name = "dill"
version = "0.3.5.1"
description = "serialize all of python"
category = "main"
optional = false
python-versions = ">=2.7, !=3.0.*, !=3.1.*, !=3.2.*, !=3.3.*, !=3.4.*, !=3.5.*, !=3.6.*"

[package.extras]
graph = ["objgraph (>=1.7.2)"]

[[package]]
name = "docker-pycreds"
version = "0.4.0"
description = "Python bindings for the docker credentials store API"
category = "main"
optional = false
python-versions = "*"

[package.dependencies]
six = ">=1.4.0"

[[package]]
name = "docutils"
version = "0.19"
description = "Docutils -- Python Documentation Utilities"
category = "dev"
optional = false
python-versions = ">=3.7"

[[package]]
name = "emoji"
version = "1.7.0"
description = "Emoji for Python"
category = "main"
optional = false
python-versions = "*"

[package.extras]
dev = ["pytest", "coverage", "coveralls"]

[[package]]
name = "fasttext-wheel"
version = "0.9.2"
description = "fasttext Python bindings"
category = "dev"
optional = false
python-versions = "*"

[package.dependencies]
numpy = "*"
pybind11 = ">=2.2"

[[package]]
name = "filelock"
version = "3.8.0"
description = "A platform independent file lock."
category = "main"
optional = false
python-versions = ">=3.7"

[package.extras]
docs = ["furo (>=2022.6.21)", "sphinx (>=5.1.1)", "sphinx-autodoc-typehints (>=1.19.1)"]
testing = ["covdefaults (>=2.2)", "coverage (>=6.4.2)", "pytest (>=7.1.2)", "pytest-cov (>=3)", "pytest-timeout (>=2.1)"]

[[package]]
name = "fire"
version = "0.4.0"
description = "A library for automatically generating command line interfaces."
category = "dev"
optional = false
python-versions = "*"

[package.dependencies]
six = "*"
termcolor = "*"

[[package]]
name = "frozenlist"
version = "1.3.1"
description = "A list-like structure which implements collections.abc.MutableSequence"
category = "main"
optional = false
python-versions = ">=3.7"

[[package]]
name = "fsspec"
version = "2023.1.0"
description = "File-system specification"
category = "main"
optional = false
python-versions = ">=3.7"

[package.dependencies]
aiohttp = {version = "<4.0.0a0 || >4.0.0a0,<4.0.0a1 || >4.0.0a1", optional = true, markers = "extra == \"http\""}
requests = {version = "*", optional = true, markers = "extra == \"http\""}

[package.extras]
abfs = ["adlfs"]
adl = ["adlfs"]
arrow = ["pyarrow (>=1)"]
dask = ["dask", "distributed"]
dropbox = ["dropboxdrivefs", "requests", "dropbox"]
entrypoints = ["importlib-metadata"]
fuse = ["fusepy"]
gcs = ["gcsfs"]
git = ["pygit2"]
github = ["requests"]
gs = ["gcsfs"]
gui = ["panel"]
hdfs = ["pyarrow (>=1)"]
http = ["requests", "aiohttp (!=4.0.0a0,!=4.0.0a1)"]
libarchive = ["libarchive-c"]
oci = ["ocifs"]
s3 = ["s3fs"]
sftp = ["paramiko"]
smb = ["smbprotocol"]
ssh = ["paramiko"]
tqdm = ["tqdm"]

[[package]]
name = "gitdb"
version = "4.0.10"
description = "Git Object Database"
category = "main"
optional = false
python-versions = ">=3.7"

[package.dependencies]
smmap = ">=3.0.1,<6"

[[package]]
name = "gitpython"
version = "3.1.30"
description = "GitPython is a python library used to interact with Git repositories"
category = "main"
optional = false
python-versions = ">=3.7"

[package.dependencies]
gitdb = ">=4.0.1,<5"

[[package]]
name = "google-auth"
version = "2.13.0"
description = "Google Authentication Library"
category = "dev"
optional = false
python-versions = ">=2.7,!=3.0.*,!=3.1.*,!=3.2.*,!=3.3.*,!=3.4.*,!=3.5.*"

[package.dependencies]
cachetools = ">=2.0.0,<6.0"
pyasn1-modules = ">=0.2.1"
rsa = {version = ">=3.1.4,<5", markers = "python_version >= \"3.6\""}
six = ">=1.9.0"

[package.extras]
aiohttp = ["requests (>=2.20.0,<3.0.0dev)", "aiohttp (>=3.6.2,<4.0.0dev)"]
enterprise_cert = ["cryptography (==36.0.2)", "pyopenssl (==22.0.0)"]
pyopenssl = ["pyopenssl (>=20.0.0)"]
reauth = ["pyu2f (>=0.1.5)"]

[[package]]
name = "google-auth-oauthlib"
version = "0.4.6"
description = "Google Authentication Library"
category = "dev"
optional = false
python-versions = ">=3.6"

[package.dependencies]
google-auth = ">=1.0.0"
requests-oauthlib = ">=0.7.0"

[package.extras]
tool = ["click (>=6.0.0)"]

[[package]]
name = "grpcio"
version = "1.50.0"
description = "HTTP/2-based RPC framework"
category = "dev"
optional = false
python-versions = ">=3.7"

[package.dependencies]
six = ">=1.5.2"

[package.extras]
protobuf = ["grpcio-tools (>=1.50.0)"]

[[package]]
name = "huggingface-hub"
version = "0.10.1"
description = "Client library to download and publish models, datasets and other repos on the huggingface.co hub"
category = "main"
optional = false
python-versions = ">=3.7.0"

[package.dependencies]
filelock = "*"
packaging = ">=20.9"
pyyaml = ">=5.1"
requests = "*"
tqdm = "*"
typing-extensions = ">=3.7.4.3"

[package.extras]
all = ["InquirerPy (==0.3.4)", "isort (>=5.5.4)", "jedi", "jinja2", "pytest", "pytest-cov", "soundfile", "black (==22.3)", "flake8 (>=3.8.3)", "flake8-bugbear", "mypy"]
cli = ["InquirerPy (==0.3.4)"]
dev = ["InquirerPy (==0.3.4)", "isort (>=5.5.4)", "jedi", "jinja2", "pytest", "pytest-cov", "soundfile", "black (==22.3)", "flake8 (>=3.8.3)", "flake8-bugbear", "mypy"]
fastai = ["toml", "fastai (>=2.4)", "fastcore (>=1.3.27)"]
quality = ["black (==22.3)", "flake8 (>=3.8.3)", "flake8-bugbear", "isort (>=5.5.4)", "mypy"]
tensorflow = ["tensorflow", "pydot", "graphviz"]
testing = ["InquirerPy (==0.3.4)", "isort (>=5.5.4)", "jedi", "jinja2", "pytest", "pytest-cov", "soundfile"]
torch = ["torch"]

[[package]]
name = "idna"
version = "3.4"
description = "Internationalized Domain Names in Applications (IDNA)"
category = "main"
optional = false
python-versions = ">=3.5"

[[package]]
name = "importlib-metadata"
version = "5.0.0"
description = "Read metadata from Python packages"
category = "dev"
optional = false
python-versions = ">=3.7"

[package.dependencies]
zipp = ">=0.5"

[package.extras]
docs = ["sphinx (>=3.5)", "jaraco.packaging (>=9)", "rst.linker (>=1.9)", "furo", "jaraco.tidelift (>=1.4)"]
perf = ["ipython"]
testing = ["pytest (>=6)", "pytest-checkdocs (>=2.4)", "pytest-flake8", "flake8 (<5)", "pytest-cov", "pytest-enabler (>=1.3)", "packaging", "pyfakefs", "flufl.flake8", "pytest-perf (>=0.9.2)", "pytest-black (>=0.3.7)", "pytest-mypy (>=0.9.1)", "importlib-resources (>=1.3)"]

[[package]]
name = "iniconfig"
version = "1.1.1"
description = "iniconfig: brain-dead simple config-ini parsing"
category = "dev"
optional = false
python-versions = "*"

[[package]]
name = "jaraco.classes"
version = "3.2.3"
description = "Utility functions for Python class constructs"
category = "dev"
optional = false
python-versions = ">=3.7"

[package.dependencies]
more-itertools = "*"

[package.extras]
docs = ["sphinx (>=3.5)", "jaraco.packaging (>=9)", "rst.linker (>=1.9)", "jaraco.tidelift (>=1.4)"]
testing = ["pytest (>=6)", "pytest-checkdocs (>=2.4)", "pytest-flake8", "flake8 (<5)", "pytest-cov", "pytest-enabler (>=1.3)", "pytest-black (>=0.3.7)", "pytest-mypy (>=0.9.1)"]

[[package]]
name = "jeepney"
version = "0.8.0"
description = "Low-level, pure Python DBus protocol wrapper."
category = "dev"
optional = false
python-versions = ">=3.7"

[package.extras]
test = ["pytest", "pytest-trio", "pytest-asyncio (>=0.17)", "testpath", "trio", "async-timeout"]
trio = ["trio", "async-generator"]

[[package]]
name = "joblib"
version = "1.2.0"
description = "Lightweight pipelining with Python functions"
category = "dev"
optional = false
python-versions = ">=3.7"

[[package]]
name = "keyring"
version = "23.9.3"
description = "Store and access your passwords safely."
category = "dev"
optional = false
python-versions = ">=3.7"

[package.dependencies]
importlib-metadata = {version = ">=3.6", markers = "python_version < \"3.10\""}
"jaraco.classes" = "*"
jeepney = {version = ">=0.4.2", markers = "sys_platform == \"linux\""}
pywin32-ctypes = {version = "<0.1.0 || >0.1.0,<0.1.1 || >0.1.1", markers = "sys_platform == \"win32\""}
SecretStorage = {version = ">=3.2", markers = "sys_platform == \"linux\""}

[package.extras]
docs = ["sphinx", "jaraco.packaging (>=9)", "rst.linker (>=1.9)", "jaraco.tidelift (>=1.4)"]
testing = ["pytest (>=6)", "pytest-checkdocs (>=2.4)", "pytest-flake8", "flake8 (<5)", "pytest-cov", "pytest-enabler (>=1.3)", "pytest-black (>=0.3.7)", "pytest-mypy (>=0.9.1)"]

[[package]]
name = "markdown"
version = "3.4.1"
description = "Python implementation of Markdown."
category = "dev"
optional = false
python-versions = ">=3.7"

[package.dependencies]
importlib-metadata = {version = ">=4.4", markers = "python_version < \"3.10\""}

[package.extras]
testing = ["coverage", "pyyaml"]

[[package]]
name = "markupsafe"
version = "2.1.1"
description = "Safely add untrusted strings to HTML/XML markup."
category = "dev"
optional = false
python-versions = ">=3.7"

[[package]]
name = "more-itertools"
version = "9.0.0"
description = "More routines for operating on iterables, beyond itertools"
category = "dev"
optional = false
python-versions = ">=3.7"

[[package]]
name = "multidict"
version = "6.0.2"
description = "multidict implementation"
category = "main"
optional = false
python-versions = ">=3.7"

[[package]]
name = "multiprocess"
version = "0.70.13"
description = "better multiprocessing and multithreading in python"
category = "main"
optional = false
python-versions = ">=2.7, !=3.0.*, !=3.1.*, !=3.2.*, !=3.3.*, !=3.4.*, !=3.5.*, !=3.6.*"

[package.dependencies]
dill = ">=0.3.5.1"

[[package]]
name = "numpy"
version = "1.23.4"
description = "NumPy is the fundamental package for array computing with Python."
category = "main"
optional = false
python-versions = ">=3.8"

[[package]]
name = "oauthlib"
version = "3.2.2"
description = "A generic, spec-compliant, thorough implementation of the OAuth request-signing logic"
category = "dev"
optional = false
python-versions = ">=3.6"

[package.extras]
rsa = ["cryptography (>=3.0.0)"]
signals = ["blinker (>=1.4.0)"]
signedtoken = ["cryptography (>=3.0.0)", "pyjwt (>=2.0.0,<3)"]

[[package]]
name = "packaging"
version = "21.3"
description = "Core utilities for Python packages"
category = "main"
optional = false
python-versions = ">=3.6"

[package.dependencies]
pyparsing = ">=2.0.2,<3.0.5 || >3.0.5"

[[package]]
name = "pandas"
version = "1.5.1"
description = "Powerful data structures for data analysis, time series, and statistics"
category = "main"
optional = false
python-versions = ">=3.8"

[package.dependencies]
numpy = [
    {version = ">=1.20.3", markers = "python_version < \"3.10\""},
    {version = ">=1.21.0", markers = "python_version >= \"3.10\""},
]
python-dateutil = ">=2.8.1"
pytz = ">=2020.1"

[package.extras]
test = ["hypothesis (>=5.5.3)", "pytest (>=6.0)", "pytest-xdist (>=1.31)"]

[[package]]
name = "pathtools"
version = "0.1.2"
description = "File system general utilities"
category = "main"
optional = false
python-versions = "*"

[[package]]
name = "pkginfo"
version = "1.8.3"
description = "Query metadatdata from sdists / bdists / installed packages."
category = "dev"
optional = false
python-versions = ">=2.7, !=3.0.*, !=3.1.*, !=3.2.*, !=3.3.*, !=3.4.*, !=3.5.*"

[package.extras]
testing = ["coverage", "nose"]

[[package]]
name = "pluggy"
version = "1.0.0"
description = "plugin and hook calling mechanisms for python"
category = "dev"
optional = false
python-versions = ">=3.6"

[package.extras]
dev = ["pre-commit", "tox"]
testing = ["pytest", "pytest-benchmark"]

[[package]]
name = "protobuf"
version = "3.19.6"
description = "Protocol Buffers"
category = "main"
optional = false
python-versions = ">=3.5"

[[package]]
name = "psutil"
version = "5.9.4"
description = "Cross-platform lib for process and system monitoring in Python."
category = "main"
optional = false
python-versions = ">=2.7, !=3.0.*, !=3.1.*, !=3.2.*, !=3.3.*"

[package.extras]
test = ["ipaddress", "mock", "enum34", "pywin32", "wmi"]

[[package]]
name = "py"
version = "1.11.0"
description = "library with cross-python path, ini-parsing, io, code, log facilities"
category = "dev"
optional = false
python-versions = ">=2.7, !=3.0.*, !=3.1.*, !=3.2.*, !=3.3.*, !=3.4.*"

[[package]]
name = "pyarrow"
version = "9.0.0"
description = "Python library for Apache Arrow"
category = "main"
optional = false
python-versions = ">=3.7"

[package.dependencies]
numpy = ">=1.16.6"

[[package]]
name = "pyasn1"
version = "0.4.8"
description = "ASN.1 types and codecs"
category = "dev"
optional = false
python-versions = "*"

[[package]]
name = "pyasn1-modules"
version = "0.2.8"
description = "A collection of ASN.1-based protocols modules."
category = "dev"
optional = false
python-versions = "*"

[package.dependencies]
pyasn1 = ">=0.4.6,<0.5.0"

[[package]]
name = "pybind11"
version = "2.10.0"
description = "Seamless operability between C++11 and Python"
category = "dev"
optional = false
python-versions = ">=3.6"

[package.extras]
global = ["pybind11-global (==2.10.0)"]

[[package]]
name = "pycparser"
version = "2.21"
description = "C parser in Python"
category = "dev"
optional = false
python-versions = ">=2.7, !=3.0.*, !=3.1.*, !=3.2.*, !=3.3.*"

[[package]]
name = "pydeprecate"
version = "0.3.2"
description = "Deprecation tooling"
category = "dev"
optional = false
python-versions = ">=3.6"

[[package]]
name = "pygments"
version = "2.13.0"
description = "Pygments is a syntax highlighting package written in Python."
category = "dev"
optional = false
python-versions = ">=3.6"

[package.extras]
plugins = ["importlib-metadata"]

[[package]]
name = "pyparsing"
version = "3.0.9"
description = "pyparsing module - Classes and methods to define and execute parsing grammars"
category = "main"
optional = false
python-versions = ">=3.6.8"

[package.extras]
diagrams = ["railroad-diagrams", "jinja2"]

[[package]]
name = "pytest"
version = "6.2.5"
description = "pytest: simple powerful testing with Python"
category = "dev"
optional = false
python-versions = ">=3.6"

[package.dependencies]
atomicwrites = {version = ">=1.0", markers = "sys_platform == \"win32\""}
attrs = ">=19.2.0"
colorama = {version = "*", markers = "sys_platform == \"win32\""}
iniconfig = "*"
packaging = "*"
pluggy = ">=0.12,<2.0"
py = ">=1.8.2"
toml = "*"

[package.extras]
testing = ["argcomplete", "hypothesis (>=3.56)", "mock", "nose", "requests", "xmlschema"]

[[package]]
name = "python-dateutil"
version = "2.8.2"
description = "Extensions to the standard Python datetime module"
category = "main"
optional = false
python-versions = "!=3.0.*,!=3.1.*,!=3.2.*,>=2.7"

[package.dependencies]
six = ">=1.5"

[[package]]
name = "pytorch-lightning"
version = "1.7.7"
description = "PyTorch Lightning is the lightweight PyTorch wrapper for ML researchers. Scale your models. Write less boilerplate."
category = "dev"
optional = false
python-versions = ">=3.7"

[package.dependencies]
fsspec = {version = ">=2021.05.0,<2021.06.0 || >2021.06.0", extras = ["http"]}
numpy = ">=1.17.2"
packaging = ">=17.0"
pyDeprecate = ">=0.3.1"
PyYAML = ">=5.4"
tensorboard = ">=2.9.1"
torch = ">=1.9"
torchmetrics = ">=0.7.0"
tqdm = ">=4.57.0"
typing-extensions = ">=4.0.0"

[package.extras]
all = ["matplotlib (>3.1)", "torchtext (>=0.10)", "omegaconf (>=2.0.5)", "hydra-core (>=1.0.5)", "jsonargparse[signatures] (>=4.12.0)", "gcsfs (>=2021.5.0)", "rich (>=10.14.0,!=10.15.0.a)", "protobuf (<=3.20.1)", "neptune-client (>=0.10.0)", "comet-ml (>=3.1.12)", "mlflow (>=1.0.0)", "wandb (>=0.10.22)", "coverage (>=6.4)", "codecov (>=2.1)", "pytest (>=7.0)", "pytest-cov", "pytest-forked", "pytest-rerunfailures (>=10.2)", "pre-commit (>=1.0)", "mypy (==0.971)", "cloudpickle (>=1.3)", "scikit-learn (>0.22.1)", "onnxruntime", "psutil", "pandas (>1.0)", "fastapi", "uvicorn", "torchvision (>=0.10)", "gym[classic_control] (>=0.17.0)", "ipython", "fairscale (>=0.4.5)", "deepspeed (>=0.6.0)", "horovod (>=0.21.2,!=0.24.0)", "hivemind (>=1.0.1)"]
deepspeed = ["deepspeed (>=0.6.0)"]
dev = ["matplotlib (>3.1)", "torchtext (>=0.10)", "omegaconf (>=2.0.5)", "hydra-core (>=1.0.5)", "jsonargparse[signatures] (>=4.12.0)", "gcsfs (>=2021.5.0)", "rich (>=10.14.0,!=10.15.0.a)", "protobuf (<=3.20.1)", "neptune-client (>=0.10.0)", "comet-ml (>=3.1.12)", "mlflow (>=1.0.0)", "wandb (>=0.10.22)", "coverage (>=6.4)", "codecov (>=2.1)", "pytest (>=7.0)", "pytest-cov", "pytest-forked", "pytest-rerunfailures (>=10.2)", "pre-commit (>=1.0)", "mypy (==0.971)", "cloudpickle (>=1.3)", "scikit-learn (>0.22.1)", "onnxruntime", "psutil", "pandas (>1.0)", "fastapi", "uvicorn"]
examples = ["torchvision (>=0.10)", "gym[classic_control] (>=0.17.0)", "ipython"]
extra = ["matplotlib (>3.1)", "torchtext (>=0.10)", "omegaconf (>=2.0.5)", "hydra-core (>=1.0.5)", "jsonargparse[signatures] (>=4.12.0)", "gcsfs (>=2021.5.0)", "rich (>=10.14.0,!=10.15.0.a)", "protobuf (<=3.20.1)"]
fairscale = ["fairscale (>=0.4.5)"]
hivemind = ["hivemind (>=1.0.1)"]
horovod = ["horovod (>=0.21.2,!=0.24.0)"]
loggers = ["neptune-client (>=0.10.0)", "comet-ml (>=3.1.12)", "mlflow (>=1.0.0)", "wandb (>=0.10.22)"]
strategies = ["fairscale (>=0.4.5)", "deepspeed (>=0.6.0)", "horovod (>=0.21.2,!=0.24.0)", "hivemind (>=1.0.1)"]
test = ["coverage (>=6.4)", "codecov (>=2.1)", "pytest (>=7.0)", "pytest-cov", "pytest-forked", "pytest-rerunfailures (>=10.2)", "pre-commit (>=1.0)", "mypy (==0.971)", "cloudpickle (>=1.3)", "scikit-learn (>0.22.1)", "onnxruntime", "psutil", "pandas (>1.0)", "fastapi", "uvicorn"]

[[package]]
name = "pytz"
version = "2022.5"
description = "World timezone definitions, modern and historical"
category = "main"
optional = false
python-versions = "*"

[[package]]
name = "pywin32-ctypes"
version = "0.2.0"
description = ""
category = "dev"
optional = false
python-versions = "*"

[[package]]
name = "pyyaml"
version = "6.0"
description = "YAML parser and emitter for Python"
category = "main"
optional = false
python-versions = ">=3.6"

[[package]]
name = "readme-renderer"
version = "37.2"
description = "readme_renderer is a library for rendering \"readme\" descriptions for Warehouse"
category = "dev"
optional = false
python-versions = ">=3.7"

[package.dependencies]
bleach = ">=2.1.0"
docutils = ">=0.13.1"
Pygments = ">=2.5.1"

[package.extras]
md = ["cmarkgfm (>=0.8.0)"]

[[package]]
name = "regex"
version = "2022.9.13"
description = "Alternative regular expression module, to replace re."
category = "main"
optional = false
python-versions = ">=3.6"

[[package]]
name = "requests"
version = "2.28.1"
description = "Python HTTP for Humans."
category = "main"
optional = false
python-versions = ">=3.7, <4"

[package.dependencies]
certifi = ">=2017.4.17"
charset-normalizer = ">=2,<3"
idna = ">=2.5,<4"
urllib3 = ">=1.21.1,<1.27"

[package.extras]
socks = ["PySocks (>=1.5.6,!=1.5.7)"]
use_chardet_on_py3 = ["chardet (>=3.0.2,<6)"]

[[package]]
name = "requests-oauthlib"
version = "1.3.1"
description = "OAuthlib authentication support for Requests."
category = "dev"
optional = false
python-versions = ">=2.7, !=3.0.*, !=3.1.*, !=3.2.*, !=3.3.*"

[package.dependencies]
oauthlib = ">=3.0.0"
requests = ">=2.0.0"

[package.extras]
rsa = ["oauthlib[signedtoken] (>=3.0.0)"]

[[package]]
name = "requests-toolbelt"
version = "0.10.0"
description = "A utility belt for advanced users of python-requests"
category = "dev"
optional = false
python-versions = ">=2.7, !=3.0.*, !=3.1.*, !=3.2.*, !=3.3.*"

[package.dependencies]
requests = ">=2.0.1,<3.0.0"

[[package]]
name = "responses"
version = "0.18.0"
description = "A utility library for mocking out the `requests` Python library."
category = "main"
optional = false
python-versions = ">=3.7"

[package.dependencies]
requests = ">=2.0,<3.0"
urllib3 = ">=1.25.10"

[package.extras]
tests = ["pytest (>=4.6)", "coverage (>=6.0.0)", "pytest-cov", "pytest-localserver", "flake8", "types-mock", "types-requests", "mypy"]

[[package]]
name = "rfc3986"
version = "2.0.0"
description = "Validating URI References per RFC 3986"
category = "dev"
optional = false
python-versions = ">=3.7"

[package.extras]
idna2008 = ["idna"]

[[package]]
name = "rsa"
version = "4.9"
description = "Pure-Python RSA implementation"
category = "dev"
optional = false
python-versions = ">=3.6,<4"

[package.dependencies]
pyasn1 = ">=0.1.3"

[[package]]
name = "scikit-learn"
version = "1.1.2"
description = "A set of python modules for machine learning and data mining"
category = "dev"
optional = false
python-versions = ">=3.8"

[package.dependencies]
joblib = ">=1.0.0"
numpy = ">=1.17.3"
scipy = ">=1.3.2"
threadpoolctl = ">=2.0.0"

[package.extras]
benchmark = ["matplotlib (>=3.1.2)", "pandas (>=1.0.5)", "memory-profiler (>=0.57.0)"]
docs = ["matplotlib (>=3.1.2)", "scikit-image (>=0.16.2)", "pandas (>=1.0.5)", "seaborn (>=0.9.0)", "memory-profiler (>=0.57.0)", "sphinx (>=4.0.1)", "sphinx-gallery (>=0.7.0)", "numpydoc (>=1.2.0)", "Pillow (>=7.1.2)", "sphinx-prompt (>=1.3.0)", "sphinxext-opengraph (>=0.4.2)"]
examples = ["matplotlib (>=3.1.2)", "scikit-image (>=0.16.2)", "pandas (>=1.0.5)", "seaborn (>=0.9.0)"]
tests = ["matplotlib (>=3.1.2)", "scikit-image (>=0.16.2)", "pandas (>=1.0.5)", "pytest (>=5.0.1)", "pytest-cov (>=2.9.0)", "flake8 (>=3.8.2)", "black (>=22.3.0)", "mypy (>=0.961)", "pyamg (>=4.0.0)", "numpydoc (>=1.2.0)"]

[[package]]
name = "scipy"
version = "1.9.3"
description = "Fundamental algorithms for scientific computing in Python"
category = "dev"
optional = false
python-versions = ">=3.8"

[package.dependencies]
numpy = ">=1.18.5,<1.26.0"

[package.extras]
test = ["pytest", "pytest-cov", "pytest-xdist", "asv", "mpmath", "gmpy2", "threadpoolctl", "scikit-umfpack"]
doc = ["sphinx (!=4.1.0)", "pydata-sphinx-theme (==0.9.0)", "sphinx-panels (>=0.5.2)", "matplotlib (>2)", "numpydoc", "sphinx-tabs"]
dev = ["mypy", "typing-extensions", "pycodestyle", "flake8"]

[[package]]
name = "secretstorage"
version = "3.3.3"
description = "Python bindings to FreeDesktop.org Secret Service API"
category = "dev"
optional = false
python-versions = ">=3.6"

[package.dependencies]
cryptography = ">=2.0"
jeepney = ">=0.6"

[[package]]
name = "sentry-sdk"
version = "1.14.0"
description = "Python client for Sentry (https://sentry.io)"
category = "main"
optional = false
python-versions = "*"

[package.dependencies]
certifi = "*"
urllib3 = {version = ">=1.26.11", markers = "python_version >= \"3.6\""}

[package.extras]
aiohttp = ["aiohttp (>=3.5)"]
beam = ["apache-beam (>=2.12)"]
bottle = ["bottle (>=0.12.13)"]
celery = ["celery (>=3)"]
chalice = ["chalice (>=1.16.0)"]
django = ["django (>=1.8)"]
falcon = ["falcon (>=1.4)"]
fastapi = ["fastapi (>=0.79.0)"]
flask = ["flask (>=0.11)", "blinker (>=1.1)"]
httpx = ["httpx (>=0.16.0)"]
opentelemetry = ["opentelemetry-distro (>=0.35b0)"]
pure_eval = ["pure-eval", "executing", "asttokens"]
pymongo = ["pymongo (>=3.1)"]
pyspark = ["pyspark (>=2.4.4)"]
quart = ["quart (>=0.16.1)", "blinker (>=1.1)"]
rq = ["rq (>=0.6)"]
sanic = ["sanic (>=0.8)"]
sqlalchemy = ["sqlalchemy (>=1.2)"]
starlette = ["starlette (>=0.19.1)"]
starlite = ["starlite (>=1.48)"]
tornado = ["tornado (>=5)"]

[[package]]
name = "seqeval"
version = "1.2.2"
description = "Testing framework for sequence labeling"
category = "dev"
optional = false
python-versions = "*"

[package.dependencies]
numpy = ">=1.14.0"
scikit-learn = ">=0.21.3"

[[package]]
name = "setproctitle"
version = "1.3.2"
description = "A Python module to customize the process title"
category = "main"
optional = false
python-versions = ">=3.7"

[package.extras]
test = ["pytest"]

[[package]]
name = "six"
version = "1.16.0"
description = "Python 2 and 3 compatibility utilities"
category = "main"
optional = false
python-versions = ">=2.7, !=3.0.*, !=3.1.*, !=3.2.*"

[[package]]
name = "sklearn"
version = "0.0"
description = "A set of python modules for machine learning and data mining"
category = "dev"
optional = false
python-versions = "*"

[package.dependencies]
scikit-learn = "*"

[[package]]
name = "smmap"
version = "5.0.0"
description = "A pure Python implementation of a sliding window memory map manager"
category = "main"
optional = false
python-versions = ">=3.6"

[[package]]
name = "tensorboard"
version = "2.10.1"
description = "TensorBoard lets you watch Tensors Flow"
category = "dev"
optional = false
python-versions = ">=3.6"

[package.dependencies]
absl-py = ">=0.4"
google-auth = ">=1.6.3,<3"
google-auth-oauthlib = ">=0.4.1,<0.5"
grpcio = ">=1.24.3"
markdown = ">=2.6.8"
numpy = ">=1.12.0"
protobuf = ">=3.9.2,<3.20"
requests = ">=2.21.0,<3"
tensorboard-data-server = ">=0.6.0,<0.7.0"
tensorboard-plugin-wit = ">=1.6.0"
werkzeug = ">=1.0.1"

[[package]]
name = "tensorboard-data-server"
version = "0.6.1"
description = "Fast data loading for TensorBoard"
category = "dev"
optional = false
python-versions = ">=3.6"

[[package]]
name = "tensorboard-plugin-wit"
version = "1.8.1"
description = "What-If Tool TensorBoard plugin."
category = "dev"
optional = false
python-versions = "*"

[[package]]
name = "termcolor"
version = "2.0.1"
description = "ANSI color formatting for output in terminal"
category = "dev"
optional = false
python-versions = ">=3.7"

[package.extras]
tests = ["pytest", "pytest-cov"]

[[package]]
name = "threadpoolctl"
version = "3.1.0"
description = "threadpoolctl"
category = "dev"
optional = false
python-versions = ">=3.6"

[[package]]
name = "tokenizers"
version = "0.13.1"
description = "Fast and Customizable Tokenizers"
category = "main"
optional = false
python-versions = "*"

[package.extras]
dev = ["pytest", "requests", "numpy", "datasets"]
docs = ["sphinx", "sphinx-rtd-theme", "setuptools-rust"]
testing = ["pytest", "requests", "numpy", "datasets"]

[[package]]
name = "toml"
version = "0.10.2"
description = "Python Library for Tom's Obvious, Minimal Language"
category = "dev"
optional = false
python-versions = ">=2.6, !=3.0.*, !=3.1.*, !=3.2.*"

[[package]]
name = "torch"
version = "1.12.1"
description = "Tensors and Dynamic neural networks in Python with strong GPU acceleration"
category = "main"
optional = false
python-versions = ">=3.7.0"

[package.dependencies]
typing-extensions = "*"

[[package]]
name = "torchmetrics"
version = "0.10.0"
description = "PyTorch native Metrics"
category = "dev"
optional = false
python-versions = ">=3.7"

[package.dependencies]
numpy = ">=1.17.2"
packaging = "*"
torch = ">=1.3.1"
typing-extensions = {version = "*", markers = "python_version < \"3.9\""}

[package.extras]
all = ["pystoi", "pycocotools", "torchvision (>=0.8)", "torchvision", "torch-fidelity", "scipy", "lpips", "pytorch-lightning (>=1.5)", "nltk (>=3.6)", "tqdm (>=4.41.0)", "regex (>=2021.9.24)"]
audio = ["pystoi"]
detection = ["pycocotools", "torchvision (>=0.8)"]
docs = ["pandoc (>=1.0)", "sphinxcontrib-mockautodoc", "sphinx (>=4.0,<5.0)", "docutils (>=0.16)", "nbsphinx (>=0.8)", "myst-parser", "sphinx-copybutton (>=0.3)", "sphinxcontrib-fulltoc (>=1.0)", "sphinx-autodoc-typehints (>=1.0)", "sphinx-togglebutton (>=0.2)", "sphinx-paramlinks (>=0.5.1)"]
image = ["torchvision", "torch-fidelity", "scipy", "lpips"]
integrate = ["pytorch-lightning (>=1.5)"]
test = ["fire", "pytest-timeout", "check-manifest", "psutil", "coverage (>5.2)", "pytest-cov (>2.10)", "pre-commit (>=1.0)", "jiwer (>=2.3.0)", "fast-bss-eval (>=0.1.0)", "rouge-score (>=0.0.4)", "requests", "huggingface-hub (<0.7)", "mir-eval (>=0.6)", "pytest (>=6.0.0,<7.0.0)", "transformers (>=4.0)", "pycocotools", "pypesq (>1.2)", "sacrebleu (>=2.0.0)", "scikit-image (>0.17.1)", "netcal", "bert-score (==0.3.10)", "pytorch-msssim (==0.2.1)", "phmdoctest (>=1.1.1)", "scikit-learn (>1.0,<1.1.1)", "pytest-doctestplus (>=0.9.0)", "cloudpickle (>=1.3)", "torch-complex"]
text = ["nltk (>=3.6)", "tqdm (>=4.41.0)", "regex (>=2021.9.24)"]

[[package]]
name = "torchtext"
version = "0.13.1"
description = "Text utilities and datasets for PyTorch"
category = "dev"
optional = false
python-versions = ">=3.7"

[package.dependencies]
numpy = "*"
requests = "*"
torch = "1.12.1"
tqdm = "*"

[[package]]
name = "tqdm"
version = "4.64.1"
description = "Fast, Extensible Progress Meter"
category = "main"
optional = false
python-versions = "!=3.0.*,!=3.1.*,!=3.2.*,!=3.3.*,>=2.7"

[package.dependencies]
colorama = {version = "*", markers = "platform_system == \"Windows\""}

[package.extras]
dev = ["py-make (>=0.1.0)", "twine", "wheel"]
notebook = ["ipywidgets (>=6)"]
slack = ["slack-sdk"]
telegram = ["requests"]

[[package]]
name = "transformers"
version = "4.23.1"
description = "State-of-the-art Machine Learning for JAX, PyTorch and TensorFlow"
category = "main"
optional = false
python-versions = ">=3.7.0"

[package.dependencies]
filelock = "*"
huggingface-hub = ">=0.10.0,<1.0"
numpy = ">=1.17"
packaging = ">=20.0"
pyyaml = ">=5.1"
regex = "!=2019.12.17"
requests = "*"
tokenizers = ">=0.11.1,<0.11.3 || >0.11.3,<0.14"
tqdm = ">=4.27"

[package.extras]
accelerate = ["accelerate (>=0.10.0)"]
all = ["tensorflow (>=2.4)", "onnxconverter-common", "tf2onnx", "tensorflow-text", "torch (>=1.7,!=1.12.0)", "jax (>=0.2.8,!=0.3.2,<=0.3.6)", "jaxlib (>=0.1.65,<=0.3.6)", "flax (>=0.4.1)", "optax (>=0.0.8)", "sentencepiece (>=0.1.91,!=0.1.92)", "protobuf (<=3.20.2)", "tokenizers (>=0.11.1,!=0.11.3,<0.14)", "torchaudio", "librosa", "pyctcdecode (>=0.3.0)", "phonemizer", "pillow", "optuna", "ray", "sigopt", "timm", "codecarbon (==1.2.0)", "accelerate (>=0.10.0)"]
audio = ["librosa", "pyctcdecode (>=0.3.0)", "phonemizer"]
codecarbon = ["codecarbon (==1.2.0)"]
deepspeed = ["deepspeed (>=0.6.5)", "accelerate (>=0.10.0)"]
deepspeed-testing = ["deepspeed (>=0.6.5)", "accelerate (>=0.10.0)", "pytest", "pytest-xdist", "timeout-decorator", "parameterized", "psutil", "datasets (!=2.5.0)", "dill (<0.3.5)", "evaluate (>=0.2.0)", "pytest-timeout", "black (==22.3)", "sacrebleu (>=1.4.12,<2.0.0)", "rouge-score (!=0.0.7,!=0.0.8,!=0.1,!=0.1.1)", "nltk", "GitPython (<3.1.19)", "hf-doc-builder (>=0.3.0)", "protobuf (<=3.20.2)", "sacremoses", "rjieba", "safetensors (>=0.2.1)", "beautifulsoup4", "faiss-cpu", "cookiecutter (==1.7.3)", "optuna"]
dev = ["tensorflow (>=2.4)", "onnxconverter-common", "tf2onnx", "tensorflow-text", "torch (>=1.7,!=1.12.0)", "jax (>=0.2.8,!=0.3.2,<=0.3.6)", "jaxlib (>=0.1.65,<=0.3.6)", "flax (>=0.4.1)", "optax (>=0.0.8)", "sentencepiece (>=0.1.91,!=0.1.92)", "protobuf (<=3.20.2)", "tokenizers (>=0.11.1,!=0.11.3,<0.14)", "torchaudio", "librosa", "pyctcdecode (>=0.3.0)", "phonemizer", "pillow", "optuna", "ray", "sigopt", "timm", "codecarbon (==1.2.0)", "accelerate (>=0.10.0)", "pytest", "pytest-xdist", "timeout-decorator", "parameterized", "psutil", "datasets (!=2.5.0)", "dill (<0.3.5)", "evaluate (>=0.2.0)", "pytest-timeout", "black (==22.3)", "sacrebleu (>=1.4.12,<2.0.0)", "rouge-score (!=0.0.7,!=0.0.8,!=0.1,!=0.1.1)", "nltk", "GitPython (<3.1.19)", "hf-doc-builder (>=0.3.0)", "sacremoses", "rjieba", "safetensors (>=0.2.1)", "beautifulsoup4", "faiss-cpu", "cookiecutter (==1.7.3)", "isort (>=5.5.4)", "flake8 (>=3.8.3)", "fugashi (>=1.0)", "ipadic (>=1.0.0,<2.0)", "unidic-lite (>=1.0.7)", "unidic (>=1.0.2)", "sudachipy (>=0.6.6)", "sudachidict-core (>=20220729)", "pyknp (>=0.6.1)", "hf-doc-builder", "scikit-learn"]
dev-tensorflow = ["pytest", "pytest-xdist", "timeout-decorator", "parameterized", "psutil", "datasets (!=2.5.0)", "dill (<0.3.5)", "evaluate (>=0.2.0)", "pytest-timeout", "black (==22.3)", "sacrebleu (>=1.4.12,<2.0.0)", "rouge-score (!=0.0.7,!=0.0.8,!=0.1,!=0.1.1)", "nltk", "GitPython (<3.1.19)", "hf-doc-builder (>=0.3.0)", "protobuf (<=3.20.2)", "sacremoses", "rjieba", "safetensors (>=0.2.1)", "beautifulsoup4", "faiss-cpu", "cookiecutter (==1.7.3)", "tensorflow (>=2.4)", "onnxconverter-common", "tf2onnx", "tensorflow-text", "sentencepiece (>=0.1.91,!=0.1.92)", "tokenizers (>=0.11.1,!=0.11.3,<0.14)", "pillow", "isort (>=5.5.4)", "flake8 (>=3.8.3)", "hf-doc-builder", "scikit-learn", "onnxruntime (>=1.4.0)", "onnxruntime-tools (>=1.4.2)", "librosa", "pyctcdecode (>=0.3.0)", "phonemizer"]
dev-torch = ["pytest", "pytest-xdist", "timeout-decorator", "parameterized", "psutil", "datasets (!=2.5.0)", "dill (<0.3.5)", "evaluate (>=0.2.0)", "pytest-timeout", "black (==22.3)", "sacrebleu (>=1.4.12,<2.0.0)", "rouge-score (!=0.0.7,!=0.0.8,!=0.1,!=0.1.1)", "nltk", "GitPython (<3.1.19)", "hf-doc-builder (>=0.3.0)", "protobuf (<=3.20.2)", "sacremoses", "rjieba", "safetensors (>=0.2.1)", "beautifulsoup4", "faiss-cpu", "cookiecutter (==1.7.3)", "torch (>=1.7,!=1.12.0)", "sentencepiece (>=0.1.91,!=0.1.92)", "tokenizers (>=0.11.1,!=0.11.3,<0.14)", "torchaudio", "librosa", "pyctcdecode (>=0.3.0)", "phonemizer", "pillow", "optuna", "ray", "sigopt", "timm", "codecarbon (==1.2.0)", "isort (>=5.5.4)", "flake8 (>=3.8.3)", "fugashi (>=1.0)", "ipadic (>=1.0.0,<2.0)", "unidic-lite (>=1.0.7)", "unidic (>=1.0.2)", "sudachipy (>=0.6.6)", "sudachidict-core (>=20220729)", "pyknp (>=0.6.1)", "hf-doc-builder", "scikit-learn", "onnxruntime (>=1.4.0)", "onnxruntime-tools (>=1.4.2)"]
docs = ["tensorflow (>=2.4)", "onnxconverter-common", "tf2onnx", "tensorflow-text", "torch (>=1.7,!=1.12.0)", "jax (>=0.2.8,!=0.3.2,<=0.3.6)", "jaxlib (>=0.1.65,<=0.3.6)", "flax (>=0.4.1)", "optax (>=0.0.8)", "sentencepiece (>=0.1.91,!=0.1.92)", "protobuf (<=3.20.2)", "tokenizers (>=0.11.1,!=0.11.3,<0.14)", "torchaudio", "librosa", "pyctcdecode (>=0.3.0)", "phonemizer", "pillow", "optuna", "ray", "sigopt", "timm", "codecarbon (==1.2.0)", "accelerate (>=0.10.0)", "hf-doc-builder"]
docs_specific = ["hf-doc-builder"]
fairscale = ["fairscale (>0.3)"]
flax = ["jax (>=0.2.8,!=0.3.2,<=0.3.6)", "jaxlib (>=0.1.65,<=0.3.6)", "flax (>=0.4.1)", "optax (>=0.0.8)"]
flax-speech = ["librosa", "pyctcdecode (>=0.3.0)", "phonemizer"]
ftfy = ["ftfy"]
integrations = ["optuna", "ray", "sigopt"]
ja = ["fugashi (>=1.0)", "ipadic (>=1.0.0,<2.0)", "unidic-lite (>=1.0.7)", "unidic (>=1.0.2)", "sudachipy (>=0.6.6)", "sudachidict-core (>=20220729)", "pyknp (>=0.6.1)"]
modelcreation = ["cookiecutter (==1.7.3)"]
onnx = ["onnxconverter-common", "tf2onnx", "onnxruntime (>=1.4.0)", "onnxruntime-tools (>=1.4.2)"]
onnxruntime = ["onnxruntime (>=1.4.0)", "onnxruntime-tools (>=1.4.2)"]
optuna = ["optuna"]
quality = ["black (==22.3)", "datasets (!=2.5.0)", "isort (>=5.5.4)", "flake8 (>=3.8.3)", "GitPython (<3.1.19)", "hf-doc-builder (>=0.3.0)"]
ray = ["ray"]
retrieval = ["faiss-cpu", "datasets (!=2.5.0)"]
sagemaker = ["sagemaker (>=2.31.0)"]
sentencepiece = ["sentencepiece (>=0.1.91,!=0.1.92)", "protobuf (<=3.20.2)"]
serving = ["pydantic", "uvicorn", "fastapi", "starlette"]
sigopt = ["sigopt"]
sklearn = ["scikit-learn"]
speech = ["torchaudio", "librosa", "pyctcdecode (>=0.3.0)", "phonemizer"]
testing = ["pytest", "pytest-xdist", "timeout-decorator", "parameterized", "psutil", "datasets (!=2.5.0)", "dill (<0.3.5)", "evaluate (>=0.2.0)", "pytest-timeout", "black (==22.3)", "sacrebleu (>=1.4.12,<2.0.0)", "rouge-score (!=0.0.7,!=0.0.8,!=0.1,!=0.1.1)", "nltk", "GitPython (<3.1.19)", "hf-doc-builder (>=0.3.0)", "protobuf (<=3.20.2)", "sacremoses", "rjieba", "safetensors (>=0.2.1)", "beautifulsoup4", "faiss-cpu", "cookiecutter (==1.7.3)"]
tf = ["tensorflow (>=2.4)", "onnxconverter-common", "tf2onnx", "tensorflow-text"]
tf-cpu = ["tensorflow-cpu (>=2.3)", "onnxconverter-common", "tf2onnx", "tensorflow-text"]
tf-speech = ["librosa", "pyctcdecode (>=0.3.0)", "phonemizer"]
timm = ["timm"]
tokenizers = ["tokenizers (>=0.11.1,!=0.11.3,<0.14)"]
torch = ["torch (>=1.7,!=1.12.0)"]
torch-speech = ["torchaudio", "librosa", "pyctcdecode (>=0.3.0)", "phonemizer"]
torchhub = ["filelock", "huggingface-hub (>=0.10.0,<1.0)", "importlib-metadata", "numpy (>=1.17)", "packaging (>=20.0)", "protobuf (<=3.20.2)", "regex (!=2019.12.17)", "requests", "sentencepiece (>=0.1.91,!=0.1.92)", "torch (>=1.7,!=1.12.0)", "tokenizers (>=0.11.1,!=0.11.3,<0.14)", "tqdm (>=4.27)"]
vision = ["pillow"]

[[package]]
name = "twine"
version = "3.8.0"
description = "Collection of utilities for publishing packages on PyPI"
category = "dev"
optional = false
python-versions = ">=3.6"

[package.dependencies]
colorama = ">=0.4.3"
importlib-metadata = ">=3.6"
keyring = ">=15.1"
pkginfo = ">=1.8.1"
readme-renderer = ">=21.0"
requests = ">=2.20"
requests-toolbelt = ">=0.8.0,<0.9.0 || >0.9.0"
rfc3986 = ">=1.4.0"
tqdm = ">=4.14"
urllib3 = ">=1.26.0"

[[package]]
name = "typing-extensions"
version = "4.4.0"
description = "Backported and Experimental Type Hints for Python 3.7+"
category = "main"
optional = false
python-versions = ">=3.7"

[[package]]
name = "unidecode"
version = "1.3.6"
description = "ASCII transliterations of Unicode text"
category = "dev"
optional = false
python-versions = ">=3.5"

[[package]]
name = "urllib3"
version = "1.26.12"
description = "HTTP library with thread-safe connection pooling, file post, and more."
category = "main"
optional = false
python-versions = ">=2.7, !=3.0.*, !=3.1.*, !=3.2.*, !=3.3.*, !=3.4.*, !=3.5.*, <4"

[package.extras]
brotli = ["brotlicffi (>=0.8.0)", "brotli (>=1.0.9)", "brotlipy (>=0.6.0)"]
secure = ["pyOpenSSL (>=0.14)", "cryptography (>=1.3.4)", "idna (>=2.0.0)", "certifi", "urllib3-secure-extra", "ipaddress"]
socks = ["PySocks (>=1.5.6,!=1.5.7,<2.0)"]

[[package]]
name = "wandb"
version = "0.13.9"
description = "A CLI and library for interacting with the Weights and Biases API."
category = "main"
optional = false
python-versions = ">=3.6"

[package.dependencies]
appdirs = ">=1.4.3"
Click = ">=7.0,<8.0.0 || >8.0.0"
docker-pycreds = ">=0.4.0"
GitPython = ">=1.0.0"
pathtools = "*"
protobuf = [
    {version = ">=3.12.0,<4.21.0 || >4.21.0,<5", markers = "python_version < \"3.9\" and sys_platform == \"linux\""},
    {version = ">=3.15.0,<4.21.0 || >4.21.0,<5", markers = "python_version == \"3.9\" and sys_platform == \"linux\""},
    {version = ">=3.19.0,<4.21.0 || >4.21.0,<5", markers = "python_version > \"3.9\" and sys_platform == \"linux\" or sys_platform != \"linux\""},
]
psutil = ">=5.0.0"
PyYAML = "*"
requests = ">=2.0.0,<3"
sentry-sdk = ">=1.0.0"
setproctitle = "*"
typing-extensions = {version = "*", markers = "python_version < \"3.10\""}

[package.extras]
aws = ["boto3"]
azure = ["azure-storage-blob"]
gcp = ["google-cloud-storage"]
grpc = ["grpcio (>=1.27.2)"]
kubeflow = ["kubernetes", "minio", "google-cloud-storage", "sh"]
launch = ["nbconvert", "nbformat", "chardet", "iso8601", "typing-extensions", "boto3", "botocore", "google-cloud-storage", "kubernetes"]
media = ["numpy", "moviepy", "pillow", "bokeh", "soundfile", "plotly", "rdkit-pypi"]
models = ["cloudpickle"]
sweeps = ["sweeps (>=0.2.0)"]

[[package]]
name = "webencodings"
version = "0.5.1"
description = "Character encoding aliases for legacy web content"
category = "dev"
optional = false
python-versions = "*"

[[package]]
name = "werkzeug"
version = "2.2.2"
description = "The comprehensive WSGI web application library."
category = "dev"
optional = false
python-versions = ">=3.7"

[package.dependencies]
MarkupSafe = ">=2.1.1"

[package.extras]
watchdog = ["watchdog"]

[[package]]
name = "xxhash"
version = "3.1.0"
description = "Python binding for xxHash"
category = "main"
optional = false
python-versions = ">=3.6"

[[package]]
name = "yarl"
version = "1.8.1"
description = "Yet another URL library"
category = "main"
optional = false
python-versions = ">=3.7"

[package.dependencies]
idna = ">=2.0"
multidict = ">=4.0"

[[package]]
name = "zipp"
version = "3.9.0"
description = "Backport of pathlib-compatible object wrapper for zip files"
category = "dev"
optional = false
python-versions = ">=3.7"

[package.extras]
docs = ["sphinx (>=3.5)", "jaraco.packaging (>=9)", "rst.linker (>=1.9)", "furo", "jaraco.tidelift (>=1.4)"]
testing = ["pytest (>=6)", "pytest-checkdocs (>=2.4)", "pytest-flake8", "flake8 (<5)", "pytest-cov", "pytest-enabler (>=1.3)", "jaraco.itertools", "func-timeout", "jaraco.functools", "more-itertools", "pytest-black (>=0.3.7)", "pytest-mypy (>=0.9.1)"]

[metadata]
lock-version = "1.1"
python-versions = ">=3.8,<3.11"
content-hash = "1fb6f845efca7c5ee678e4fdd5764222770eed978e4cebfbb1394203096e2ef4"

[metadata.files]
absl-py = []
aiohttp = []
aiosignal = []
appdirs = []
async-timeout = []
atomicwrites = []
attrs = []
bleach = []
cachetools = []
certifi = []
cffi = []
charset-normalizer = []
click = []
colorama = []
cryptography = []
datasets = []
dill = []
docker-pycreds = []
docutils = []
emoji = []
fasttext-wheel = []
filelock = []
fire = []
frozenlist = []
fsspec = []
gitdb = []
gitpython = []
google-auth = []
google-auth-oauthlib = []
grpcio = []
huggingface-hub = []
idna = []
importlib-metadata = []
iniconfig = []
"jaraco.classes" = []
jeepney = []
joblib = []
keyring = []
markdown = []
markupsafe = []
more-itertools = []
multidict = []
multiprocess = []
numpy = []
oauthlib = []
packaging = []
pandas = []
pathtools = []
pkginfo = []
pluggy = []
protobuf = []
psutil = []
py = []
pyarrow = []
pyasn1 = []
pyasn1-modules = []
pybind11 = []
pycparser = []
pydeprecate = []
pygments = []
pyparsing = []
pytest = []
python-dateutil = []
pytorch-lightning = []
pytz = []
pywin32-ctypes = []
pyyaml = []
readme-renderer = []
regex = []
requests = []
requests-oauthlib = []
requests-toolbelt = []
responses = []
rfc3986 = []
rsa = []
scikit-learn = []
scipy = []
secretstorage = []
sentry-sdk = []
seqeval = []
setproctitle = []
six = []
sklearn = []
smmap = []
tensorboard = []
tensorboard-data-server = []
tensorboard-plugin-wit = []
termcolor = []
threadpoolctl = []
tokenizers = []
toml = []
torch = []
torchmetrics = []
torchtext = []
tqdm = []
transformers = []
twine = []
typing-extensions = []
unidecode = []
urllib3 = []
wandb = []
webencodings = []
werkzeug = []
xxhash = []
yarl = []
zipp = []
